{
  "name": "@hanzo/cli",
  "version": "1.0.0",
  "lockfileVersion": 3,
  "requires": true,
  "packages": {
    "": {
      "name": "@hanzo/cli",
      "version": "1.0.0",
      "cpu": [
        "x64",
        "arm64"
      ],
      "hasInstallScript": true,
      "license": "MIT",
      "os": [
        "darwin",
        "linux",
        "win32"
      ],
      "bin": {
        "hanzo": "bin/hanzo"
      },
      "engines": {
        "node": ">=16.0.0"
      },
      "optionalDependencies": {
        "@hanzo/cli-darwin-arm64": "1.0.0",
        "@hanzo/cli-darwin-x64": "1.0.0",
        "@hanzo/cli-linux-arm64": "1.0.0",
        "@hanzo/cli-linux-x64": "1.0.0",
        "@hanzo/cli-win32-x64": "1.0.0"
      }
    },
    "node_modules/@hanzo/cli-darwin-arm64": {
      "optional": true
    },
    "node_modules/@hanzo/cli-darwin-x64": {
      "optional": true
    },
    "node_modules/@hanzo/cli-linux-arm64": {
      "optional": true
    },
    "node_modules/@hanzo/cli-linux-x64": {
      "optional": true
    },
    "node_modules/@hanzo/cli-win32-x64": {
      "optional": true
    }
  }
}
